
Microsoft Visual Studio Solution File, Format Version 12.00
# Visual Studio Version 17
VisualStudioVersion = 17.9.34728.123
MinimumVisualStudioVersion = 10.0.40219.1
Project("{FAE04EC0-301F-11D3-BF4B-00C04F79EFBC}") = "CartService", "WebApplication1\CartService.csproj", "{F84E2DC1-6E83-40F1-A4A1-73819C1F8CAC}"
EndProject
Global
	GlobalSection(SolutionConfigurationPlatforms) = preSolution
		Debug|Any CPU = Debug|Any CPU
		Release|Any CPU = Release|Any CPU
	EndGlobalSection
	GlobalSection(ProjectConfigurationPlatforms) = postSolution
		{F84E2DC1-6E83-40F1-A4A1-73819C1F8CAC}.Debug|Any CPU.ActiveCfg = Debug|Any CPU
		{F84E2DC1-6E83-40F1-A4A1-73819C1F8CAC}.Debug|Any CPU.Build.0 = Debug|Any CPU
		{F84E2DC1-6E83-40F1-A4A1-73819C1F8CAC}.Release|Any CPU.ActiveCfg = Release|Any CPU
		{F84E2DC1-6E83-40F1-A4A1-73819C1F8CAC}.Release|Any CPU.Build.0 = Release|Any CPU
	EndGlobalSection
	GlobalSection(SolutionProperties) = preSolution
		HideSolutionNode = FALSE
	EndGlobalSection
	GlobalSection(ExtensibilityGlobals) = postSolution
		SolutionGuid = {28C21FDA-1516-4657-9752-E461D2F56C30}
	EndGlobalSection
EndGlobal
